{
  "name": "laravel-toon",
  "lockfileVersion": 3,
  "requires": true,
  "packages": {
    "": {
      "devDependencies": {
        "@toon-format/spec": "^3.0.1"
      }
    },
    "node_modules/@toon-format/spec": {
      "version": "3.0.1",
      "resolved": "https://registry.npmjs.org/@toon-format/spec/-/spec-3.0.1.tgz",
      "integrity": "sha512-f9YADLDxH/j06biiTBKEMx0i8dqgo7cfVQe7lCP5NS59M7Ys0pKIXuAzQx4VDW3NgiHaKjWRlbK+C/yuUqS5dA==",
      "dev": true,
      "license": "MIT"
    }
  }
}
